
Microsoft Visual Studio Solution File, Format Version 12.00
# Visual Studio Version 16
VisualStudioVersion = 16.0.30309.148
MinimumVisualStudioVersion = 10.0.40219.1
Project("{FAE04EC0-301F-11D3-BF4B-00C04F79EFBC}") = "BetaMartLauraSharon", "BetaMartLauraSharon\BetaMartLauraSharon.csproj", "{67023845-4B5B-48AD-98F6-84E107B3767F}"
EndProject
Global
	GlobalSection(SolutionConfigurationPlatforms) = preSolution
		Debug|Any CPU = Debug|Any CPU
		Release|Any CPU = Release|Any CPU
	EndGlobalSection
	GlobalSection(ProjectConfigurationPlatforms) = postSolution
		{67023845-4B5B-48AD-98F6-84E107B3767F}.Debug|Any CPU.ActiveCfg = Debug|Any CPU
		{67023845-4B5B-48AD-98F6-84E107B3767F}.Debug|Any CPU.Build.0 = Debug|Any CPU
		{67023845-4B5B-48AD-98F6-84E107B3767F}.Release|Any CPU.ActiveCfg = Release|Any CPU
		{67023845-4B5B-48AD-98F6-84E107B3767F}.Release|Any CPU.Build.0 = Release|Any CPU
	EndGlobalSection
	GlobalSection(SolutionProperties) = preSolution
		HideSolutionNode = FALSE
	EndGlobalSection
	GlobalSection(ExtensibilityGlobals) = postSolution
		SolutionGuid = {E10D5BA6-9E82-4226-9590-199C4855A6A5}
	EndGlobalSection
EndGlobal
